
Microsoft Visual Studio Solution File, Format Version 12.00
# Visual Studio Version 17
VisualStudioVersion = 17.5.002.0
MinimumVisualStudioVersion = 10.0.40219.1
Project("{9A19103F-16F7-4668-BE54-9A1E7A4F7556}") = "LinkedListObj", "LinkedListObj.csproj", "{E985DC31-124C-48C7-83B7-298AED1AAD29}"
EndProject
Global
	GlobalSection(SolutionConfigurationPlatforms) = preSolution
		Debug|Any CPU = Debug|Any CPU
		Release|Any CPU = Release|Any CPU
	EndGlobalSection
	GlobalSection(ProjectConfigurationPlatforms) = postSolution
		{E985DC31-124C-48C7-83B7-298AED1AAD29}.Debug|Any CPU.ActiveCfg = Debug|Any CPU
		{E985DC31-124C-48C7-83B7-298AED1AAD29}.Debug|Any CPU.Build.0 = Debug|Any CPU
		{E985DC31-124C-48C7-83B7-298AED1AAD29}.Release|Any CPU.ActiveCfg = Release|Any CPU
		{E985DC31-124C-48C7-83B7-298AED1AAD29}.Release|Any CPU.Build.0 = Release|Any CPU
	EndGlobalSection
	GlobalSection(SolutionProperties) = preSolution
		HideSolutionNode = FALSE
	EndGlobalSection
	GlobalSection(ExtensibilityGlobals) = postSolution
		SolutionGuid = {0F479E55-FC88-4434-9B1A-F742008F6DE3}
	EndGlobalSection
EndGlobal
